
Microsoft Visual Studio Solution File, Format Version 12.00
# Visual Studio Version 17
VisualStudioVersion = 17.3.32901.215
MinimumVisualStudioVersion = 10.0.40219.1
Project("{FAE04EC0-301F-11D3-BF4B-00C04F79EFBC}") = "PropertyProxy", "PropertyProxy.csproj", "{C94CF226-DF7C-422C-886B-76E29FA5CD55}"
EndProject
Global
	GlobalSection(SolutionConfigurationPlatforms) = preSolution
		Debug|Any CPU = Debug|Any CPU
		Release|Any CPU = Release|Any CPU
	EndGlobalSection
	GlobalSection(ProjectConfigurationPlatforms) = postSolution
		{C94CF226-DF7C-422C-886B-76E29FA5CD55}.Debug|Any CPU.ActiveCfg = Debug|Any CPU
		{C94CF226-DF7C-422C-886B-76E29FA5CD55}.Debug|Any CPU.Build.0 = Debug|Any CPU
		{C94CF226-DF7C-422C-886B-76E29FA5CD55}.Release|Any CPU.ActiveCfg = Release|Any CPU
		{C94CF226-DF7C-422C-886B-76E29FA5CD55}.Release|Any CPU.Build.0 = Release|Any CPU
	EndGlobalSection
	GlobalSection(SolutionProperties) = preSolution
		HideSolutionNode = FALSE
	EndGlobalSection
	GlobalSection(ExtensibilityGlobals) = postSolution
		SolutionGuid = {8FF6BA98-907B-42B2-8196-E7CFB698CA08}
	EndGlobalSection
EndGlobal
